
Microsoft Visual Studio Solution File, Format Version 12.00
# Visual Studio Version 17
VisualStudioVersion = 17.4.33110.190
MinimumVisualStudioVersion = 10.0.40219.1
Project("{FAE04EC0-301F-11D3-BF4B-00C04F79EFBC}") = "MoviePro", "MoviePro\MoviePro.csproj", "{AB7C43C6-6ACD-4B15-84A8-C0D2C2C66945}"
EndProject
Global
	GlobalSection(SolutionConfigurationPlatforms) = preSolution
		Debug|Any CPU = Debug|Any CPU
		Release|Any CPU = Release|Any CPU
	EndGlobalSection
	GlobalSection(ProjectConfigurationPlatforms) = postSolution
		{AB7C43C6-6ACD-4B15-84A8-C0D2C2C66945}.Debug|Any CPU.ActiveCfg = Debug|Any CPU
		{AB7C43C6-6ACD-4B15-84A8-C0D2C2C66945}.Debug|Any CPU.Build.0 = Debug|Any CPU
		{AB7C43C6-6ACD-4B15-84A8-C0D2C2C66945}.Release|Any CPU.ActiveCfg = Release|Any CPU
		{AB7C43C6-6ACD-4B15-84A8-C0D2C2C66945}.Release|Any CPU.Build.0 = Release|Any CPU
	EndGlobalSection
	GlobalSection(SolutionProperties) = preSolution
		HideSolutionNode = FALSE
	EndGlobalSection
	GlobalSection(ExtensibilityGlobals) = postSolution
		SolutionGuid = {257F1F4D-B471-4791-B68D-12B0698CF1B0}
	EndGlobalSection
EndGlobal
